Microsoft Visual Studio Solution File, Format Version 12.00
# Visual Studio Version 16
VisualStudioVersion = 16.0.0.0
MinimumVisualStudioVersion = 16.0.0.0
Project("{9A19103F-16F7-4668-BE54-9A1E7A4F7556}") = "MudBlazorWasmGitHubPage", "MudBlazorWasmGitHubPage\MudBlazorWasmGitHubPage.csproj", "{66012D56-1C55-4EB3-83E9-4E860CB4F3B0}"
EndProject
Project("{9A19103F-16F7-4668-BE54-9A1E7A4F7556}") = "MudBlazorWasmGitHubPage.Client", "MudBlazorWasmGitHubPage.Client\MudBlazorWasmGitHubPage.Client.csproj", "{283F19EA-DA05-4898-B408-8A685C6679D7}"
EndProject
Global
	GlobalSection(SolutionConfigurationPlatforms) = preSolution
		Debug|Any CPU = Debug|Any CPU
		Debug|x64 = Debug|x64
		Debug|x86 = Debug|x86
		Release|Any CPU = Release|Any CPU
		Release|x64 = Release|x64
		Release|x86 = Release|x86
	EndGlobalSection
	GlobalSection(ProjectConfigurationPlatforms) = postSolution
		{283F19EA-DA05-4898-B408-8A685C6679D7}.Debug|Any CPU.ActiveCfg = Debug|Any CPU
		{283F19EA-DA05-4898-B408-8A685C6679D7}.Debug|Any CPU.Build.0 = Debug|Any CPU
		{283F19EA-DA05-4898-B408-8A685C6679D7}.Debug|x64.ActiveCfg = Debug|Any CPU
		{283F19EA-DA05-4898-B408-8A685C6679D7}.Debug|x64.Build.0 = Debug|Any CPU
		{283F19EA-DA05-4898-B408-8A685C6679D7}.Debug|x86.ActiveCfg = Debug|Any CPU
		{283F19EA-DA05-4898-B408-8A685C6679D7}.Debug|x86.Build.0 = Debug|Any CPU
		{283F19EA-DA05-4898-B408-8A685C6679D7}.Release|Any CPU.ActiveCfg = Release|Any CPU
		{283F19EA-DA05-4898-B408-8A685C6679D7}.Release|Any CPU.Build.0 = Release|Any CPU
		{283F19EA-DA05-4898-B408-8A685C6679D7}.Release|x64.ActiveCfg = Release|Any CPU
		{283F19EA-DA05-4898-B408-8A685C6679D7}.Release|x64.Build.0 = Release|Any CPU
		{283F19EA-DA05-4898-B408-8A685C6679D7}.Release|x86.ActiveCfg = Release|Any CPU
		{283F19EA-DA05-4898-B408-8A685C6679D7}.Release|x86.Build.0 = Release|Any CPU
		{66012D56-1C55-4EB3-83E9-4E860CB4F3B0}.Debug|Any CPU.ActiveCfg = Debug|Any CPU
		{66012D56-1C55-4EB3-83E9-4E860CB4F3B0}.Debug|Any CPU.Build.0 = Debug|Any CPU
		{66012D56-1C55-4EB3-83E9-4E860CB4F3B0}.Debug|x64.ActiveCfg = Debug|Any CPU
		{66012D56-1C55-4EB3-83E9-4E860CB4F3B0}.Debug|x64.Build.0 = Debug|Any CPU
		{66012D56-1C55-4EB3-83E9-4E860CB4F3B0}.Debug|x86.ActiveCfg = Debug|Any CPU
		{66012D56-1C55-4EB3-83E9-4E860CB4F3B0}.Debug|x86.Build.0 = Debug|Any CPU
		{66012D56-1C55-4EB3-83E9-4E860CB4F3B0}.Release|Any CPU.ActiveCfg = Release|Any CPU
		{66012D56-1C55-4EB3-83E9-4E860CB4F3B0}.Release|Any CPU.Build.0 = Release|Any CPU
		{66012D56-1C55-4EB3-83E9-4E860CB4F3B0}.Release|x64.ActiveCfg = Release|Any CPU
		{66012D56-1C55-4EB3-83E9-4E860CB4F3B0}.Release|x64.Build.0 = Release|Any CPU
		{66012D56-1C55-4EB3-83E9-4E860CB4F3B0}.Release|x86.ActiveCfg = Release|Any CPU
		{66012D56-1C55-4EB3-83E9-4E860CB4F3B0}.Release|x86.Build.0 = Release|Any CPU
	EndGlobalSection
	GlobalSection(SolutionProperties) = preSolution
		HideSolutionNode = FALSE
	EndGlobalSection
	GlobalSection(ExtensibilityGlobals) = postSolution
		SolutionGuid = {F49136E9-691D-4360-8294-74643638F7DC}
	EndGlobalSection
EndGlobal
